
Microsoft Visual Studio Solution File, Format Version 12.00
Project("{2150E333-8FDC-42A3-9474-1A3956D46DE8}") = "Services", "Services", "{824CC9A2-9D8E-4771-8EA6-0A45A08FB018}"
EndProject
Project("{2150E333-8FDC-42A3-9474-1A3956D46DE8}") = "Catalog", "Catalog", "{EF6986C7-618B-481A-8825-B695BF47ABA0}"
EndProject
Project("{FAE04EC0-301F-11D3-BF4B-00C04F79EFBC}") = "Catalog.API", "Services\Catalog\Catalog.API\Catalog.API.csproj", "{03506003-4BDB-45A5-B9A6-2FC0916803FE}"
EndProject
Global
	GlobalSection(SolutionConfigurationPlatforms) = preSolution
		Debug|Any CPU = Debug|Any CPU
		Release|Any CPU = Release|Any CPU
	EndGlobalSection
	GlobalSection(NestedProjects) = preSolution
		{EF6986C7-618B-481A-8825-B695BF47ABA0} = {824CC9A2-9D8E-4771-8EA6-0A45A08FB018}
		{03506003-4BDB-45A5-B9A6-2FC0916803FE} = {EF6986C7-618B-481A-8825-B695BF47ABA0}
	EndGlobalSection
	GlobalSection(ProjectConfigurationPlatforms) = postSolution
		{03506003-4BDB-45A5-B9A6-2FC0916803FE}.Debug|Any CPU.ActiveCfg = Debug|Any CPU
		{03506003-4BDB-45A5-B9A6-2FC0916803FE}.Debug|Any CPU.Build.0 = Debug|Any CPU
		{03506003-4BDB-45A5-B9A6-2FC0916803FE}.Release|Any CPU.ActiveCfg = Release|Any CPU
		{03506003-4BDB-45A5-B9A6-2FC0916803FE}.Release|Any CPU.Build.0 = Release|Any CPU
	EndGlobalSection
EndGlobal
