
Microsoft Visual Studio Solution File, Format Version 12.00
Project("{2150E333-8FDC-42A3-9474-1A3956D46DE8}") = "Services", "Services", "{824CC9A2-9D8E-4771-8EA6-0A45A08FB018}"
EndProject
Project("{2150E333-8FDC-42A3-9474-1A3956D46DE8}") = "Catalog", "Catalog", "{EF6986C7-618B-481A-8825-B695BF47ABA0}"
EndProject
Project("{FAE04EC0-301F-11D3-BF4B-00C04F79EFBC}") = "Catalog.API", "Services\Catalog\Catalog.API\Catalog.API.csproj", "{03506003-4BDB-45A5-B9A6-2FC0916803FE}"
EndProject
Project("{2150E333-8FDC-42A3-9474-1A3956D46DE8}") = "BuildingBlocks", "BuildingBlocks", "{78FD64C8-9AE3-4B8F-8EA5-B82D26E268BB}"
EndProject
Project("{FAE04EC0-301F-11D3-BF4B-00C04F79EFBC}") = "BuildingBlocks", "BuildingBlocks\BuildingBlocks\BuildingBlocks.csproj", "{20E333C4-73ED-456A-9EA3-80C91E5CE58C}"
EndProject
Project("{2150E333-8FDC-42A3-9474-1A3956D46DE8}") = "Solution Items", "Solution Items", "{75B7DF5F-9271-4F7F-BF4D-0555AE2C2F1F}"
	ProjectSection(SolutionItems) = preProject
		compose.yaml = compose.yaml
		compose.override.yaml = compose.override.yaml
	EndProjectSection
EndProject
Project("{2150E333-8FDC-42A3-9474-1A3956D46DE8}") = "Basket", "Basket", "{B3CE9F21-F268-4326-8C95-17B7E227D054}"
EndProject
Project("{FAE04EC0-301F-11D3-BF4B-00C04F79EFBC}") = "Basket.API", "Services\Basket\Basket.API\Basket.API.csproj", "{4C8B6689-8C14-4E76-AD2E-E2939C92F32B}"
EndProject
Project("{FAE04EC0-301F-11D3-BF4B-00C04F79EFBC}") = "Discount.Grpc", "Services\Discount\Discount.Grpc\Discount.Grpc.csproj", "{F2CDB50B-9810-43D9-B593-04A4EF2A18E6}"
EndProject
Project("{2150E333-8FDC-42A3-9474-1A3956D46DE8}") = "Discount", "Discount", "{841A17EA-25B2-4E29-B48C-155BDE410993}"
EndProject
Project("{2150E333-8FDC-42A3-9474-1A3956D46DE8}") = "Order", "Order", "{07B53C73-7221-47F5-AE08-FA231AFB8BEE}"
EndProject
Project("{FAE04EC0-301F-11D3-BF4B-00C04F79EFBC}") = "Order.API", "Services\Order\Order.API\Order.API.csproj", "{3B1275BB-F65C-437F-B198-7E53AC6B22BA}"
EndProject
Project("{FAE04EC0-301F-11D3-BF4B-00C04F79EFBC}") = "Order.Application", "Services\Order\Order.Application\Order.Application.csproj", "{2EAF7049-2519-46DA-AE83-E252503564AD}"
EndProject
Project("{FAE04EC0-301F-11D3-BF4B-00C04F79EFBC}") = "Order.Domain", "Services\Order\Order.Domain\Order.Domain.csproj", "{0BA2BAC8-BAFC-4B1A-A2E4-789179F401A3}"
EndProject
Project("{FAE04EC0-301F-11D3-BF4B-00C04F79EFBC}") = "Order.Infrastructure", "Services\Order\Order.Infrastructure\Order.Infrastructure.csproj", "{68BF0140-6970-42E2-BDD6-1CE804EF9117}"
EndProject
Global
	GlobalSection(SolutionConfigurationPlatforms) = preSolution
		Debug|Any CPU = Debug|Any CPU
		Release|Any CPU = Release|Any CPU
	EndGlobalSection
	GlobalSection(NestedProjects) = preSolution
		{EF6986C7-618B-481A-8825-B695BF47ABA0} = {824CC9A2-9D8E-4771-8EA6-0A45A08FB018}
		{03506003-4BDB-45A5-B9A6-2FC0916803FE} = {EF6986C7-618B-481A-8825-B695BF47ABA0}
		{20E333C4-73ED-456A-9EA3-80C91E5CE58C} = {78FD64C8-9AE3-4B8F-8EA5-B82D26E268BB}
		{B3CE9F21-F268-4326-8C95-17B7E227D054} = {824CC9A2-9D8E-4771-8EA6-0A45A08FB018}
		{4C8B6689-8C14-4E76-AD2E-E2939C92F32B} = {B3CE9F21-F268-4326-8C95-17B7E227D054}
		{841A17EA-25B2-4E29-B48C-155BDE410993} = {824CC9A2-9D8E-4771-8EA6-0A45A08FB018}
		{F2CDB50B-9810-43D9-B593-04A4EF2A18E6} = {841A17EA-25B2-4E29-B48C-155BDE410993}
		{07B53C73-7221-47F5-AE08-FA231AFB8BEE} = {824CC9A2-9D8E-4771-8EA6-0A45A08FB018}
		{3B1275BB-F65C-437F-B198-7E53AC6B22BA} = {07B53C73-7221-47F5-AE08-FA231AFB8BEE}
		{2EAF7049-2519-46DA-AE83-E252503564AD} = {07B53C73-7221-47F5-AE08-FA231AFB8BEE}
		{0BA2BAC8-BAFC-4B1A-A2E4-789179F401A3} = {07B53C73-7221-47F5-AE08-FA231AFB8BEE}
		{68BF0140-6970-42E2-BDD6-1CE804EF9117} = {07B53C73-7221-47F5-AE08-FA231AFB8BEE}
	EndGlobalSection
	GlobalSection(ProjectConfigurationPlatforms) = postSolution
		{03506003-4BDB-45A5-B9A6-2FC0916803FE}.Debug|Any CPU.ActiveCfg = Debug|Any CPU
		{03506003-4BDB-45A5-B9A6-2FC0916803FE}.Debug|Any CPU.Build.0 = Debug|Any CPU
		{03506003-4BDB-45A5-B9A6-2FC0916803FE}.Release|Any CPU.ActiveCfg = Release|Any CPU
		{03506003-4BDB-45A5-B9A6-2FC0916803FE}.Release|Any CPU.Build.0 = Release|Any CPU
		{20E333C4-73ED-456A-9EA3-80C91E5CE58C}.Debug|Any CPU.ActiveCfg = Debug|Any CPU
		{20E333C4-73ED-456A-9EA3-80C91E5CE58C}.Debug|Any CPU.Build.0 = Debug|Any CPU
		{20E333C4-73ED-456A-9EA3-80C91E5CE58C}.Release|Any CPU.ActiveCfg = Release|Any CPU
		{20E333C4-73ED-456A-9EA3-80C91E5CE58C}.Release|Any CPU.Build.0 = Release|Any CPU
		{4C8B6689-8C14-4E76-AD2E-E2939C92F32B}.Debug|Any CPU.ActiveCfg = Debug|Any CPU
		{4C8B6689-8C14-4E76-AD2E-E2939C92F32B}.Debug|Any CPU.Build.0 = Debug|Any CPU
		{4C8B6689-8C14-4E76-AD2E-E2939C92F32B}.Release|Any CPU.ActiveCfg = Release|Any CPU
		{4C8B6689-8C14-4E76-AD2E-E2939C92F32B}.Release|Any CPU.Build.0 = Release|Any CPU
		{F2CDB50B-9810-43D9-B593-04A4EF2A18E6}.Debug|Any CPU.ActiveCfg = Debug|Any CPU
		{F2CDB50B-9810-43D9-B593-04A4EF2A18E6}.Debug|Any CPU.Build.0 = Debug|Any CPU
		{F2CDB50B-9810-43D9-B593-04A4EF2A18E6}.Release|Any CPU.ActiveCfg = Release|Any CPU
		{F2CDB50B-9810-43D9-B593-04A4EF2A18E6}.Release|Any CPU.Build.0 = Release|Any CPU
		{3B1275BB-F65C-437F-B198-7E53AC6B22BA}.Debug|Any CPU.ActiveCfg = Debug|Any CPU
		{3B1275BB-F65C-437F-B198-7E53AC6B22BA}.Debug|Any CPU.Build.0 = Debug|Any CPU
		{3B1275BB-F65C-437F-B198-7E53AC6B22BA}.Release|Any CPU.ActiveCfg = Release|Any CPU
		{3B1275BB-F65C-437F-B198-7E53AC6B22BA}.Release|Any CPU.Build.0 = Release|Any CPU
		{2EAF7049-2519-46DA-AE83-E252503564AD}.Debug|Any CPU.ActiveCfg = Debug|Any CPU
		{2EAF7049-2519-46DA-AE83-E252503564AD}.Debug|Any CPU.Build.0 = Debug|Any CPU
		{2EAF7049-2519-46DA-AE83-E252503564AD}.Release|Any CPU.ActiveCfg = Release|Any CPU
		{2EAF7049-2519-46DA-AE83-E252503564AD}.Release|Any CPU.Build.0 = Release|Any CPU
		{0BA2BAC8-BAFC-4B1A-A2E4-789179F401A3}.Debug|Any CPU.ActiveCfg = Debug|Any CPU
		{0BA2BAC8-BAFC-4B1A-A2E4-789179F401A3}.Debug|Any CPU.Build.0 = Debug|Any CPU
		{0BA2BAC8-BAFC-4B1A-A2E4-789179F401A3}.Release|Any CPU.ActiveCfg = Release|Any CPU
		{0BA2BAC8-BAFC-4B1A-A2E4-789179F401A3}.Release|Any CPU.Build.0 = Release|Any CPU
		{68BF0140-6970-42E2-BDD6-1CE804EF9117}.Debug|Any CPU.ActiveCfg = Debug|Any CPU
		{68BF0140-6970-42E2-BDD6-1CE804EF9117}.Debug|Any CPU.Build.0 = Debug|Any CPU
		{68BF0140-6970-42E2-BDD6-1CE804EF9117}.Release|Any CPU.ActiveCfg = Release|Any CPU
		{68BF0140-6970-42E2-BDD6-1CE804EF9117}.Release|Any CPU.Build.0 = Release|Any CPU
	EndGlobalSection
EndGlobal
